
Microsoft Visual Studio Solution File, Format Version 12.00
# Visual Studio Version 16
VisualStudioVersion = 16.0.29123.88
MinimumVisualStudioVersion = 10.0.40219.1
Project("{FAE04EC0-301F-11D3-BF4B-00C04F79EFBC}") = "Prueba_TEV", "Prueba_TEV\Prueba_TEV.csproj", "{DAC738CD-F85B-4C44-8B71-D38DEF7DC7F5}"
EndProject
Project("{FAE04EC0-301F-11D3-BF4B-00C04F79EFBC}") = "Prueba_TEV.Tests", "Prueba_TEV.Tests\Prueba_TEV.Tests.csproj", "{CF6820DC-8679-4454-9018-7B72974C1BD2}"
EndProject
Global
	GlobalSection(SolutionConfigurationPlatforms) = preSolution
		Debug|Any CPU = Debug|Any CPU
		Release|Any CPU = Release|Any CPU
	EndGlobalSection
	GlobalSection(ProjectConfigurationPlatforms) = postSolution
		{DAC738CD-F85B-4C44-8B71-D38DEF7DC7F5}.Debug|Any CPU.ActiveCfg = Debug|Any CPU
		{DAC738CD-F85B-4C44-8B71-D38DEF7DC7F5}.Debug|Any CPU.Build.0 = Debug|Any CPU
		{DAC738CD-F85B-4C44-8B71-D38DEF7DC7F5}.Release|Any CPU.ActiveCfg = Release|Any CPU
		{DAC738CD-F85B-4C44-8B71-D38DEF7DC7F5}.Release|Any CPU.Build.0 = Release|Any CPU
		{CF6820DC-8679-4454-9018-7B72974C1BD2}.Debug|Any CPU.ActiveCfg = Debug|Any CPU
		{CF6820DC-8679-4454-9018-7B72974C1BD2}.Debug|Any CPU.Build.0 = Debug|Any CPU
		{CF6820DC-8679-4454-9018-7B72974C1BD2}.Release|Any CPU.ActiveCfg = Release|Any CPU
		{CF6820DC-8679-4454-9018-7B72974C1BD2}.Release|Any CPU.Build.0 = Release|Any CPU
	EndGlobalSection
	GlobalSection(SolutionProperties) = preSolution
		HideSolutionNode = FALSE
	EndGlobalSection
	GlobalSection(ExtensibilityGlobals) = postSolution
		SolutionGuid = {6AA5338D-BE51-4D4F-A39C-59155A5AD6AF}
	EndGlobalSection
EndGlobal
